
Microsoft Visual Studio Solution File, Format Version 12.00
# Visual Studio 15
VisualStudioVersion = 15.0.28307.572
MinimumVisualStudioVersion = 10.0.40219.1
Project("{FAE04EC0-301F-11D3-BF4B-00C04F79EFBC}") = "MathApp", "MathApp\MathApp.csproj", "{4DCD9B9E-9986-4399-920A-389C70E7E97B}"
EndProject
Project("{FAE04EC0-301F-11D3-BF4B-00C04F79EFBC}") = "Tests", "Tests\Tests.csproj", "{4B9B92CC-B9B1-49B0-B5B7-394E919D3EA1}"
EndProject
Global
	GlobalSection(SolutionConfigurationPlatforms) = preSolution
		Debug|Any CPU = Debug|Any CPU
		Release|Any CPU = Release|Any CPU
	EndGlobalSection
	GlobalSection(ProjectConfigurationPlatforms) = postSolution
		{4DCD9B9E-9986-4399-920A-389C70E7E97B}.Debug|Any CPU.ActiveCfg = Debug|Any CPU
		{4DCD9B9E-9986-4399-920A-389C70E7E97B}.Debug|Any CPU.Build.0 = Debug|Any CPU
		{4DCD9B9E-9986-4399-920A-389C70E7E97B}.Release|Any CPU.ActiveCfg = Release|Any CPU
		{4DCD9B9E-9986-4399-920A-389C70E7E97B}.Release|Any CPU.Build.0 = Release|Any CPU
		{4B9B92CC-B9B1-49B0-B5B7-394E919D3EA1}.Debug|Any CPU.ActiveCfg = Debug|Any CPU
		{4B9B92CC-B9B1-49B0-B5B7-394E919D3EA1}.Debug|Any CPU.Build.0 = Debug|Any CPU
		{4B9B92CC-B9B1-49B0-B5B7-394E919D3EA1}.Release|Any CPU.ActiveCfg = Release|Any CPU
		{4B9B92CC-B9B1-49B0-B5B7-394E919D3EA1}.Release|Any CPU.Build.0 = Release|Any CPU
	EndGlobalSection
	GlobalSection(SolutionProperties) = preSolution
		HideSolutionNode = FALSE
	EndGlobalSection
	GlobalSection(ExtensibilityGlobals) = postSolution
		SolutionGuid = {0AE352B3-7428-48AD-A644-DC9C36762713}
	EndGlobalSection
EndGlobal
